
Microsoft Visual Studio Solution File, Format Version 12.00
# Visual Studio Version 16
VisualStudioVersion = 16.0.30611.23
MinimumVisualStudioVersion = 10.0.40219.1
Project("{9A19103F-16F7-4668-BE54-9A1E7A4F7556}") = "DesignPatterns", "DesignPatterns.csproj", "{FAF9DF21-774A-411E-B0F0-DC180C471B05}"
EndProject
Global
	GlobalSection(SolutionConfigurationPlatforms) = preSolution
		Debug|Any CPU = Debug|Any CPU
		Release|Any CPU = Release|Any CPU
	EndGlobalSection
	GlobalSection(ProjectConfigurationPlatforms) = postSolution
		{FAF9DF21-774A-411E-B0F0-DC180C471B05}.Debug|Any CPU.ActiveCfg = Debug|Any CPU
		{FAF9DF21-774A-411E-B0F0-DC180C471B05}.Debug|Any CPU.Build.0 = Debug|Any CPU
		{FAF9DF21-774A-411E-B0F0-DC180C471B05}.Release|Any CPU.ActiveCfg = Release|Any CPU
		{FAF9DF21-774A-411E-B0F0-DC180C471B05}.Release|Any CPU.Build.0 = Release|Any CPU
	EndGlobalSection
	GlobalSection(SolutionProperties) = preSolution
		HideSolutionNode = FALSE
	EndGlobalSection
	GlobalSection(ExtensibilityGlobals) = postSolution
		SolutionGuid = {4A746E5F-8E52-4005-B2F8-D26704FC559D}
	EndGlobalSection
EndGlobal
